// !$*UTF8*$!
{
	archiveVersion = 1;
	classes = {
	};
	objectVersion = 46;
	objects = {

/* Begin PBXBuildFile section */
		E66D3F611B7AFDDA00B2BB82 /* AppDelegate.swift in Sources */ = {isa = PBXBuildFile; fileRef = E66D3F601B7AFDDA00B2BB82 /* AppDelegate.swift */; };
		E66D3F631B7AFDDA00B2BB82 /* ViewController.swift in Sources */ = {isa = PBXBuildFile; fileRef = E66D3F621B7AFDDA00B2BB82 /* ViewController.swift */; };
		E66D3F661B7AFDDA00B2BB82 /* Main.storyboard in Resources */ = {isa = PBXBuildFile; fileRef = E66D3F641B7AFDDA00B2BB82 /* Main.storyboard */; };
		E66D3F681B7AFDDA00B2BB82 /* Images.xcassets in Resources */ = {isa = PBXBuildFile; fileRef = E66D3F671B7AFDDA00B2BB82 /* Images.xcassets */; };
		E66D3F6B1B7AFDDA00B2BB82 /* LaunchScreen.xib in Resources */ = {isa = PBXBuildFile; fileRef = E66D3F691B7AFDDA00B2BB82 /* LaunchScreen.xib */; };
		E66D3F771B7AFDDA00B2BB82 /* flick_finderTests.swift in Sources */ = {isa = PBXBuildFile; fileRef = E66D3F761B7AFDDA00B2BB82 /* flick_finderTests.swift */; };
/* End PBXBuildFile section */

/* Begin PBXContainerItemProxy section */
		E66D3F711B7AFDDA00B2BB82 /* PBXContainerItemProxy */ = {
			isa = PBXContainerItemProxy;
			containerPortal = E66D3F531B7AFDDA00B2BB82 /* Project object */;
			proxyType = 1;
			remoteGlobalIDString = E66D3F5A1B7AFDDA00B2BB82;
			remoteInfo = flick_finder;
		};
/* End PBXContainerItemProxy section */

/* Begin PBXFileReference section */
		E66D3F5B1B7AFDDA00B2BB82 /* flick_finder.app */ = {isa = PBXFileReference; explicitFileType = wrapper.application; includeInIndex = 0; path = flick_finder.app; sourceTree = BUILT_PRODUCTS_DIR; };
		E66D3F5F1B7AFDDA00B2BB82 /* Info.plist */ = {isa = PBXFileReference; lastKnownFileType = text.plist.xml; path = Info.plist; sourceTree = "<group>"; };
		E66D3F601B7AFDDA00B2BB82 /* AppDelegate.swift */ = {isa = PBXFileReference; lastKnownFileType = sourcecode.swift; path = AppDelegate.swift; sourceTree = "<group>"; };
		E66D3F621B7AFDDA00B2BB82 /* ViewController.swift */ = {isa = PBXFileReference; lastKnownFileType = sourcecode.swift; path = ViewController.swift; sourceTree = "<group>"; };
		E66D3F651B7AFDDA00B2BB82 /* Base */ = {isa = PBXFileReference; lastKnownFileType = file.storyboard; name = Base; path = Base.lproj/Main.storyboard; sourceTree = "<group>"; };
		E66D3F671B7AFDDA00B2BB82 /* Images.xcassets */ = {isa = PBXFileReference; lastKnownFileType = folder.assetcatalog; path = Images.xcassets; sourceTree = "<group>"; };
		E66D3F6A1B7AFDDA00B2BB82 /* Base */ = {isa = PBXFileReference; lastKnownFileType = file.xib; name = Base; path = Base.lproj/LaunchScreen.xib; sourceTree = "<group>"; };
		E66D3F701B7AFDDA00B2BB82 /* flick_finderTests.xctest */ = {isa = PBXFileReference; explicitFileType = wrapper.cfbundle; includeInIndex = 0; path = flick_finderTests.xctest; sourceTree = BUILT_PRODUCTS_DIR; };
		E66D3F751B7AFDDA00B2BB82 /* Info.plist */ = {isa = PBXFileReference; lastKnownFileType = text.plist.xml; path = Info.plist; sourceTree = "<group>"; };
		E66D3F761B7AFDDA00B2BB82 /* flick_finderTests.swift */ = {isa = PBXFileReference; lastKnownFileType = sourcecode.swift; path = flick_finderTests.swift; sourceTree = "<group>"; };
/* End PBXFileReference section */

/* Begin PBXFrameworksBuildPhase section */
		E66D3F581B7AFDDA00B2BB82 /* Frameworks */ = {
			isa = PBXFrameworksBuildPhase;
			buildActionMask = 2147483647;
			files = (
			);
			runOnlyForDeploymentPostprocessing = 0;
		};
		E66D3F6D1B7AFDDA00B2BB82 /* Frameworks */ = {
			isa = PBXFrameworksBuildPhase;
			buildActionMask = 2147483647;
			files = (
			);
			runOnlyForDeploymentPostprocessing = 0;
		};
/* End PBXFrameworksBuildPhase section */

/* Begin PBXGroup section */
		E66D3F521B7AFDDA00B2BB82 = {
			isa = PBXGroup;
			children = (
				E66D3F5D1B7AFDDA00B2BB82 /* flick_finder */,
				E66D3F731B7AFDDA00B2BB82 /* flick_finderTests */,
				E66D3F5C1B7AFDDA00B2BB82 /* Products */,
			);
			sourceTree = "<group>";
		};
		E66D3F5C1B7AFDDA00B2BB82 /* Products */ = {
			isa = PBXGroup;
			children = (
				E66D3F5B1B7AFDDA00B2BB82 /* flick_finder.app */,
				E66D3F701B7AFDDA00B2BB82 /* flick_finderTests.xctest */,
			);
			name = Products;
			sourceTree = "<group>";
		};
		E66D3F5D1B7AFDDA00B2BB82 /* flick_finder */ = {
			isa = PBXGroup;
			children = (
				E66D3F601B7AFDDA00B2BB82 /* AppDelegate.swift */,
				E66D3F621B7AFDDA00B2BB82 /* ViewController.swift */,
				E66D3F641B7AFDDA00B2BB82 /* Main.storyboard */,
				E66D3F671B7AFDDA00B2BB82 /* Images.xcassets */,
				E66D3F691B7AFDDA00B2BB82 /* LaunchScreen.xib */,
				E66D3F5E1B7AFDDA00B2BB82 /* Supporting Files */,
			);
			path = flick_finder;
			sourceTree = "<group>";
		};
		E66D3F5E1B7AFDDA00B2BB82 /* Supporting Files */ = {
			isa = PBXGroup;
			children = (
				E66D3F5F1B7AFDDA00B2BB82 /* Info.plist */,
			);
			name = "Supporting Files";
			sourceTree = "<group>";
		};
		E66D3F731B7AFDDA00B2BB82 /* flick_finderTests */ = {
			isa = PBXGroup;
			children = (
				E66D3F761B7AFDDA00B2BB82 /* flick_finderTests.swift */,
				E66D3F741B7AFDDA00B2BB82 /* Supporting Files */,
			);
			path = flick_finderTests;
			sourceTree = "<group>";
		};
		E66D3F741B7AFDDA00B2BB82 /* Supporting Files */ = {
			isa = PBXGroup;
			children = (
				E66D3F751B7AFDDA00B2BB82 /* Info.plist */,
			);
			name = "Supporting Files";
			sourceTree = "<group>";
		};
/* End PBXGroup section */

/* Begin PBXNativeTarget section */
		E66D3F5A1B7AFDDA00B2BB82 /* flick_finder */ = {
			isa = PBXNativeTarget;
			buildConfigurationList = E66D3F7A1B7AFDDA00B2BB82 /* Build configuration list for PBXNativeTarget "flick_finder" */;
			buildPhases = (
				E66D3F571B7AFDDA00B2BB82 /* Sources */,
				E66D3F581B7AFDDA00B2BB82 /* Frameworks */,
				E66D3F591B7AFDDA00B2BB82 /* Resources */,
			);
			buildRules = (
			);
			dependencies = (
			);
			name = flick_finder;
			productName = flick_finder;
			productReference = E66D3F5B1B7AFDDA00B2BB82 /* flick_finder.app */;
			productType = "com.apple.product-type.application";
		};
		E66D3F6F1B7AFDDA00B2BB82 /* flick_finderTests */ = {
			isa = PBXNativeTarget;
			buildConfigurationList = E66D3F7D1B7AFDDA00B2BB82 /* Build configuration list for PBXNativeTarget "flick_finderTests" */;
			buildPhases = (
				E66D3F6C1B7AFDDA00B2BB82 /* Sources */,
				E66D3F6D1B7AFDDA00B2BB82 /* Frameworks */,
				E66D3F6E1B7AFDDA00B2BB82 /* Resources */,
			);
			buildRules = (
			);
			dependencies = (
				E66D3F721B7AFDDA00B2BB82 /* PBXTargetDependency */,
			);
			name = flick_finderTests;
			productName = flick_finderTests;
			productReference = E66D3F701B7AFDDA00B2BB82 /* flick_finderTests.xctest */;
			productType = "com.apple.product-type.bundle.unit-test";
		};
/* End PBXNativeTarget section */

/* Begin PBXProject section */
		E66D3F531B7AFDDA00B2BB82 /* Project object */ = {
			isa = PBXProject;
			attributes = {
				LastUpgradeCheck = 0630;
				ORGANIZATIONNAME = "Ricardo Hdz";
				TargetAttributes = {
					E66D3F5A1B7AFDDA00B2BB82 = {
						CreatedOnToolsVersion = 6.3.2;
					};
					E66D3F6F1B7AFDDA00B2BB82 = {
						CreatedOnToolsVersion = 6.3.2;
						TestTargetID = E66D3F5A1B7AFDDA00B2BB82;
					};
				};
			};
			buildConfigurationList = E66D3F561B7AFDDA00B2BB82 /* Build configuration list for PBXProject "flick_finder" */;
			compatibilityVersion = "Xcode 3.2";
			developmentRegion = English;
			hasScannedForEncodings = 0;
			knownRegions = (
				en,
				Base,
			);
			mainGroup = E66D3F521B7AFDDA00B2BB82;
			productRefGroup = E66D3F5C1B7AFDDA00B2BB82 /* Products */;
			projectDirPath = "";
			projectRoot = "";
			targets = (
				E66D3F5A1B7AFDDA00B2BB82 /* flick_finder */,
				E66D3F6F1B7AFDDA00B2BB82 /* flick_finderTests */,
			);
		};
/* End PBXProject section */

/* Begin PBXResourcesBuildPhase section */
		E66D3F591B7AFDDA00B2BB82 /* Resources */ = {
			isa = PBXResourcesBuildPhase;
			buildActionMask = 2147483647;
			files = (
				E66D3F661B7AFDDA00B2BB82 /* Main.storyboard in Resources */,
				E66D3F6B1B7AFDDA00B2BB82 /* LaunchScreen.xib in Resources */,
				E66D3F681B7AFDDA00B2BB82 /* Images.xcassets in Resources */,
			);
			runOnlyForDeploymentPostprocessing = 0;
		};
		E66D3F6E1B7AFDDA00B2BB82 /* Resources */ = {
			isa = PBXResourcesBuildPhase;
			buildActionMask = 2147483647;
			files = (
			);
			runOnlyForDeploymentPostprocessing = 0;
		};
/* End PBXResourcesBuildPhase section */

/* Begin PBXSourcesBuildPhase section */
		E66D3F571B7AFDDA00B2BB82 /* Sources */ = {
			isa = PBXSourcesBuildPhase;
			buildActionMask = 2147483647;
			files = (
				E66D3F631B7AFDDA00B2BB82 /* ViewController.swift in Sources */,
				E66D3F611B7AFDDA00B2BB82 /* AppDelegate.swift in Sources */,
			);
			runOnlyForDeploymentPostprocessing = 0;
		};
		E66D3F6C1B7AFDDA00B2BB82 /* Sources */ = {
			isa = PBXSourcesBuildPhase;
			buildActionMask = 2147483647;
			files = (
				E66D3F771B7AFDDA00B2BB82 /* flick_finderTests.swift in Sources */,
			);
			runOnlyForDeploymentPostprocessing = 0;
		};
/* End PBXSourcesBuildPhase section */

/* Begin PBXTargetDependency section */
		E66D3F721B7AFDDA00B2BB82 /* PBXTargetDependency */ = {
			isa = PBXTargetDependency;
			target = E66D3F5A1B7AFDDA00B2BB82 /* flick_finder */;
			targetProxy = E66D3F711B7AFDDA00B2BB82 /* PBXContainerItemProxy */;
		};
/* End PBXTargetDependency section */

/* Begin PBXVariantGroup section */
		E66D3F641B7AFDDA00B2BB82 /* Main.storyboard */ = {
			isa = PBXVariantGroup;
			children = (
				E66D3F651B7AFDDA00B2BB82 /* Base */,
			);
			name = Main.storyboard;
			sourceTree = "<group>";
		};
		E66D3F691B7AFDDA00B2BB82 /* LaunchScreen.xib */ = {
			isa = PBXVariantGroup;
			children = (
				E66D3F6A1B7AFDDA00B2BB82 /* Base */,
			);
			name = LaunchScreen.xib;
			sourceTree = "<group>";
		};
/* End PBXVariantGroup section */

/* Begin XCBuildConfiguration section */
		E66D3F781B7AFDDA00B2BB82 /* Debug */ = {
			isa = XCBuildConfiguration;
			buildSettings = {
				ALWAYS_SEARCH_USER_PATHS = NO;
				CLANG_CXX_LANGUAGE_STANDARD = "gnu++0x";
				CLANG_CXX_LIBRARY = "libc++";
				CLANG_ENABLE_MODULES = YES;
				CLANG_ENABLE_OBJC_ARC = YES;
				CLANG_WARN_BOOL_CONVERSION = YES;
				CLANG_WARN_CONSTANT_CONVERSION = YES;
				CLANG_WARN_DIRECT_OBJC_ISA_USAGE = YES_ERROR;
				CLANG_WARN_EMPTY_BODY = YES;
				CLANG_WARN_ENUM_CONVERSION = YES;
				CLANG_WARN_INT_CONVERSION = YES;
				CLANG_WARN_OBJC_ROOT_CLASS = YES_ERROR;
				CLANG_WARN_UNREACHABLE_CODE = YES;
				CLANG_WARN__DUPLICATE_METHOD_MATCH = YES;
				"CODE_SIGN_IDENTITY[sdk=iphoneos*]" = "iPhone Developer";
				COPY_PHASE_STRIP = NO;
				DEBUG_INFORMATION_FORMAT = "dwarf-with-dsym";
				ENABLE_STRICT_OBJC_MSGSEND = YES;
				GCC_C_LANGUAGE_STANDARD = gnu99;
				GCC_DYNAMIC_NO_PIC = NO;
				GCC_NO_COMMON_BLOCKS = YES;
				GCC_OPTIMIZATION_LEVEL = 0;
				GCC_PREPROCESSOR_DEFINITIONS = (
					"DEBUG=1",
					"$(inherited)",
				);
				GCC_SYMBOLS_PRIVATE_EXTERN = NO;
				GCC_WARN_64_TO_32_BIT_CONVERSION = YES;
				GCC_WARN_ABOUT_RETURN_TYPE = YES_ERROR;
				GCC_WARN_UNDECLARED_SELECTOR = YES;
				GCC_WARN_UNINITIALIZED_AUTOS = YES_AGGRESSIVE;
				GCC_WARN_UNUSED_FUNCTION = YES;
				GCC_WARN_UNUSED_VARIABLE = YES;
				IPHONEOS_DEPLOYMENT_TARGET = 8.3;
				MTL_ENABLE_DEBUG_INFO = YES;
				ONLY_ACTIVE_ARCH = YES;
				SDKROOT = iphoneos;
				SWIFT_OPTIMIZATION_LEVEL = "-Onone";
			};
			name = Debug;
		};
		E66D3F791B7AFDDA00B2BB82 /* Release */ = {
			isa = XCBuildConfiguration;
			buildSettings = {
				ALWAYS_SEARCH_USER_PATHS = NO;
				CLANG_CXX_LANGUAGE_STANDARD = "gnu++0x";
				CLANG_CXX_LIBRARY = "libc++";
				CLANG_ENABLE_MODULES = YES;
				CLANG_ENABLE_OBJC_ARC = YES;
				CLANG_WARN_BOOL_CONVERSION = YES;
				CLANG_WARN_CONSTANT_CONVERSION = YES;
				CLANG_WARN_DIRECT_OBJC_ISA_USAGE = YES_ERROR;
				CLANG_WARN_EMPTY_BODY = YES;
				CLANG_WARN_ENUM_CONVERSION = YES;
				CLANG_WARN_INT_CONVERSION = YES;
				CLANG_WARN_OBJC_ROOT_CLASS = YES_ERROR;
				CLANG_WARN_UNREACHABLE_CODE = YES;
				CLANG_WARN__DUPLICATE_METHOD_MATCH = YES;
				"CODE_SIGN_IDENTITY[sdk=iphoneos*]" = "iPhone Developer";
				COPY_PHASE_STRIP = NO;
				DEBUG_INFORMATION_FORMAT = "dwarf-with-dsym";
				ENABLE_NS_ASSERTIONS = NO;
				ENABLE_STRICT_OBJC_MSGSEND = YES;
				GCC_C_LANGUAGE_STANDARD = gnu99;
				GCC_NO_COMMON_BLOCKS = YES;
				GCC_WARN_64_TO_32_BIT_CONVERSION = YES;
				GCC_WARN_ABOUT_RETURN_TYPE = YES_ERROR;
				GCC_WARN_UNDECLARED_SELECTOR = YES;
				GCC_WARN_UNINITIALIZED_AUTOS = YES_AGGRESSIVE;
				GCC_WARN_UNUSED_FUNCTION = YES;
				GCC_WARN_UNUSED_VARIABLE = YES;
				IPHONEOS_DEPLOYMENT_TARGET = 8.3;
				MTL_ENABLE_DEBUG_INFO = NO;
				SDKROOT = iphoneos;
				VALIDATE_PRODUCT = YES;
			};
			name = Release;
		};
		E66D3F7B1B7AFDDA00B2BB82 /* Debug */ = {
			isa = XCBuildConfiguration;
			buildSettings = {
				ASSETCATALOG_COMPILER_APPICON_NAME = AppIcon;
				INFOPLIST_FILE = flick_finder/Info.plist;
				LD_RUNPATH_SEARCH_PATHS = "$(inherited) @executable_path/Frameworks";
				PRODUCT_NAME = "$(TARGET_NAME)";
			};
			name = Debug;
		};
		E66D3F7C1B7AFDDA00B2BB82 /* Release */ = {
			isa = XCBuildConfiguration;
			buildSettings = {
				ASSETCATALOG_COMPILER_APPICON_NAME = AppIcon;
				INFOPLIST_FILE = flick_finder/Info.plist;
				LD_RUNPATH_SEARCH_PATHS = "$(inherited) @executable_path/Frameworks";
				PRODUCT_NAME = "$(TARGET_NAME)";
			};
			name = Release;
		};
		E66D3F7E1B7AFDDA00B2BB82 /* Debug */ = {
			isa = XCBuildConfiguration;
			buildSettings = {
				BUNDLE_LOADER = "$(TEST_HOST)";
				FRAMEWORK_SEARCH_PATHS = (
					"$(SDKROOT)/Developer/Library/Frameworks",
					"$(inherited)",
				);
				GCC_PREPROCESSOR_DEFINITIONS = (
					"DEBUG=1",
					"$(inherited)",
				);
				INFOPLIST_FILE = flick_finderTests/Info.plist;
				LD_RUNPATH_SEARCH_PATHS = "$(inherited) @executable_path/Frameworks @loader_path/Frameworks";
				PRODUCT_NAME = "$(TARGET_NAME)";
				TEST_HOST = "$(BUILT_PRODUCTS_DIR)/flick_finder.app/flick_finder";
			};
			name = Debug;
		};
		E66D3F7F1B7AFDDA00B2BB82 /* Release */ = {
			isa = XCBuildConfiguration;
			buildSettings = {
				BUNDLE_LOADER = "$(TEST_HOST)";
				FRAMEWORK_SEARCH_PATHS = (
					"$(SDKROOT)/Developer/Library/Frameworks",
					"$(inherited)",
				);
				INFOPLIST_FILE = flick_finderTests/Info.plist;
				LD_RUNPATH_SEARCH_PATHS = "$(inherited) @executable_path/Frameworks @loader_path/Frameworks";
				PRODUCT_NAME = "$(TARGET_NAME)";
				TEST_HOST = "$(BUILT_PRODUCTS_DIR)/flick_finder.app/flick_finder";
			};
			name = Release;
		};
/* End XCBuildConfiguration section */

/* Begin XCConfigurationList section */
		E66D3F561B7AFDDA00B2BB82 /* Build configuration list for PBXProject "flick_finder" */ = {
			isa = XCConfigurationList;
			buildConfigurations = (
				E66D3F781B7AFDDA00B2BB82 /* Debug */,
				E66D3F791B7AFDDA00B2BB82 /* Release */,
			);
			defaultConfigurationIsVisible = 0;
			defaultConfigurationName = Release;
		};
		E66D3F7A1B7AFDDA00B2BB82 /* Build configuration list for PBXNativeTarget "flick_finder" */ = {
			isa = XCConfigurationList;
			buildConfigurations = (
				E66D3F7B1B7AFDDA00B2BB82 /* Debug */,
				E66D3F7C1B7AFDDA00B2BB82 /* Release */,
			);
			defaultConfigurationIsVisible = 0;
		};
		E66D3F7D1B7AFDDA00B2BB82 /* Build configuration list for PBXNativeTarget "flick_finderTests" */ = {
			isa = XCConfigurationList;
			buildConfigurations = (
				E66D3F7E1B7AFDDA00B2BB82 /* Debug */,
				E66D3F7F1B7AFDDA00B2BB82 /* Release */,
			);
			defaultConfigurationIsVisible = 0;
		};
/* End XCConfigurationList section */
	};
	rootObject = E66D3F531B7AFDDA00B2BB82 /* Project object */;
}
